
Microsoft Visual Studio Solution File, Format Version 12.00
# Visual Studio Version 17
VisualStudioVersion = 17.8.34330.188
MinimumVisualStudioVersion = 10.0.40219.1
Project("{9A19103F-16F7-4668-BE54-9A1E7A4F7556}") = "KruzeriPlayWright", "KruzeriPlayWright\KruzeriPlayWright.csproj", "{F2017DE8-6342-45C9-9DC6-ED9B8DC3614F}"
EndProject
Project("{9A19103F-16F7-4668-BE54-9A1E7A4F7556}") = "Kruzeri", "..\Kruzeri\Kruzeri\Kruzeri.csproj", "{10C8B23F-63FD-457B-A63B-5F2F4610D9D8}"
EndProject
Global
	GlobalSection(SolutionConfigurationPlatforms) = preSolution
		Debug|Any CPU = Debug|Any CPU
		Release|Any CPU = Release|Any CPU
	EndGlobalSection
	GlobalSection(ProjectConfigurationPlatforms) = postSolution
		{F2017DE8-6342-45C9-9DC6-ED9B8DC3614F}.Debug|Any CPU.ActiveCfg = Debug|Any CPU
		{F2017DE8-6342-45C9-9DC6-ED9B8DC3614F}.Debug|Any CPU.Build.0 = Debug|Any CPU
		{F2017DE8-6342-45C9-9DC6-ED9B8DC3614F}.Release|Any CPU.ActiveCfg = Release|Any CPU
		{F2017DE8-6342-45C9-9DC6-ED9B8DC3614F}.Release|Any CPU.Build.0 = Release|Any CPU
		{10C8B23F-63FD-457B-A63B-5F2F4610D9D8}.Debug|Any CPU.ActiveCfg = Debug|Any CPU
		{10C8B23F-63FD-457B-A63B-5F2F4610D9D8}.Debug|Any CPU.Build.0 = Debug|Any CPU
		{10C8B23F-63FD-457B-A63B-5F2F4610D9D8}.Release|Any CPU.ActiveCfg = Release|Any CPU
		{10C8B23F-63FD-457B-A63B-5F2F4610D9D8}.Release|Any CPU.Build.0 = Release|Any CPU
	EndGlobalSection
	GlobalSection(SolutionProperties) = preSolution
		HideSolutionNode = FALSE
	EndGlobalSection
	GlobalSection(ExtensibilityGlobals) = postSolution
		SolutionGuid = {6FF1DAA3-DAC0-4257-9477-0230B5D34430}
	EndGlobalSection
EndGlobal
